PODS:
  - Alamofire (4.7.3)
  - Crashlytics (3.10.9):
    - Fabric (~> 1.7.13)
  - Differentiator (3.1.0)
  - Fabric (1.7.13)
  - IQKeyboardManagerSwift (6.2.0)
  - Kingfisher (4.10.0)
  - Nimble (7.3.1)
  - ObjcExceptionBridging (1.0.1):
    - ObjcExceptionBridging/ObjcExceptionBridging (= 1.0.1)
  - ObjcExceptionBridging/ObjcExceptionBridging (1.0.1)
  - ObjectMapper (3.3.0)
  - PureLayout (3.1.2)
  - Quick (1.3.2)
  - R.swift (4.0.0):
    - R.swift.Library (~> 4.0.0)
  - R.swift.Library (4.0.0)
  - RNCryptor (5.0.3)
  - RxCocoa (4.3.1):
    - RxSwift (~> 4.0)
  - RxDataSources (3.1.0):
    - Differentiator (~> 3.0)
    - RxCocoa (~> 4.0)
    - RxSwift (~> 4.0)
  - RxSwift (4.3.1)
  - RxSwiftExt (3.3.0):
    - RxSwiftExt/Core (= 3.3.0)
  - RxSwiftExt/Core (3.3.0):
    - RxSwift (~> 4.0)
  - Socket.IO-Client-Swift (13.3.1):
    - Starscream (~> 3.0.2)
  - Starscream (3.0.6)
  - SVProgressHUD (2.2.5)
  - SwifterSwift (4.6.0):
    - SwifterSwift/AppKit (= 4.6.0)
    - SwifterSwift/CoreGraphics (= 4.6.0)
    - SwifterSwift/CoreLocation (= 4.6.0)
    - SwifterSwift/Foundation (= 4.6.0)
    - SwifterSwift/MapKit (= 4.6.0)
    - SwifterSwift/SpriteKit (= 4.6.0)
    - SwifterSwift/SwiftStdlib (= 4.6.0)
    - SwifterSwift/UIKit (= 4.6.0)
  - SwifterSwift/AppKit (4.6.0)
  - SwifterSwift/CoreGraphics (4.6.0)
  - SwifterSwift/CoreLocation (4.6.0)
  - SwifterSwift/Foundation (4.6.0)
  - SwifterSwift/MapKit (4.6.0)
  - SwifterSwift/SpriteKit (4.6.0)
  - SwifterSwift/SwiftStdlib (4.6.0)
  - SwifterSwift/UIKit (4.6.0)
  - SwiftLint (0.25.1)
  - XCGLogger (6.1.0):
    - XCGLogger/Core (= 6.1.0)
  - XCGLogger/Core (6.1.0):
    - ObjcExceptionBridging

DEPENDENCIES:
  - Alamofire
  - Crashlytics
  - Fabric
  - IQKeyboardManagerSwift
  - Kingfisher
  - Nimble
  - ObjectMapper
  - PureLayout
  - Quick
  - R.swift
  - RNCryptor
  - RxDataSources
  - RxSwift
  - RxSwiftExt
  - Socket.IO-Client-Swift
  - SVProgressHUD
  - SwifterSwift
  - SwiftLint (~> 0.25.0)
  - XCGLogger

SPEC REPOS:
  https://github.com/cocoapods/specs.git:
    - Alamofire
    - Crashlytics
    - Differentiator
    - Fabric
    - IQKeyboardManagerSwift
    - Kingfisher
    - Nimble
    - ObjcExceptionBridging
    - ObjectMapper
    - PureLayout
    - Quick
    - R.swift
    - R.swift.Library
    - RNCryptor
    - RxCocoa
    - RxDataSources
    - RxSwift
    - RxSwiftExt
    - Socket.IO-Client-Swift
    - Starscream
    - SVProgressHUD
    - SwifterSwift
    - SwiftLint
    - XCGLogger

SPEC CHECKSUMS:
  Alamofire: c7287b6e5d7da964a70935e5db17046b7fde6568
  Crashlytics: 55e24fc23989680285a21cb1146578d9d18e432c
  Differentiator: be49ca3408f0ecfc761e4c7763d20c62be01b9ad
  Fabric: 25d0963b691fc97be566392243ff0ecef5a68338
  IQKeyboardManagerSwift: b07ccf9d8cafe993dcd6cb794eb4ba34611a0c4e
  Kingfisher: 43c4b802d8b5256cf1f4379e9cd10b329be6d3e2
  Nimble: 04f732da099ea4d153122aec8c2a88fd0c7219ae
  ObjcExceptionBridging: c30e00eb3700467e695faeea30e26e18bd445001
  ObjectMapper: b612bf8c8e99c4dc0bb6013a51f7c27966ed5da9
  PureLayout: 4634d0b61e3b5021166e8ec7c18e9e0ca0720c8b
  Quick: 2623cb30d7a7f41ca62f684f679586558f483d46
  R.swift: d6a5ec2f55a8441dc0ed9f1f8b37d7d11ae85c66
  R.swift.Library: c3af34921024333546e23b70e70d0b4e0cffca75
  RNCryptor: c93d19029dcf7ff160aca0f24d6c9e7b0d82f664
  RxCocoa: 78763c7b07d02455598d9fc3c1ad091a28b73635
  RxDataSources: a843bad90c29817f5923ec8163f4af2de084ceb3
  RxSwift: fe0fd770a43acdb7d0a53da411c9b892e69bb6e4
  RxSwiftExt: 81afb48ab0602f503147417baeb3989d64c7687d
  Socket.IO-Client-Swift: 79f8f85fa44881838175a20f9bd2c32bef2c9d37
  Starscream: ef3ece99d765eeccb67de105bfa143f929026cf5
  SVProgressHUD: 1428aafac632c1f86f62aa4243ec12008d7a51d6
  SwifterSwift: 812ffec6f301922f5430e75be3f2939ea3a80024
  SwiftLint: ce933681be10c3266e82576dad676fa815a602e9
  XCGLogger: 7f7f43f15dfe3a305fa1342b7dc29af656289abd

PODFILE CHECKSUM: dda6966cba3c0e2847c3620a8b48e37385e8753a

COCOAPODS: 1.6.0.beta.1
